
Microsoft Visual Studio Solution File, Format Version 12.00
# Visual Studio Version 17
VisualStudioVersion = 17.2.32526.322
MinimumVisualStudioVersion = 10.0.40219.1
Project("{9A19103F-16F7-4668-BE54-9A1E7A4F7556}") = "web_API", "web_API\web_API.csproj", "{C2939E3B-7103-490B-9099-1023FDD77F03}"
EndProject
Project("{2150E333-8FDC-42A3-9474-1A3956D46DE8}") = "API", "API", "{BE4820FD-2B02-4355-AF13-63DE6602CB5C}"
EndProject
Project("{2150E333-8FDC-42A3-9474-1A3956D46DE8}") = "AudioProcessing", "AudioProcessing", "{E84D0159-9B8C-4B62-A3AD-90A680E6C06B}"
EndProject
Project("{9A19103F-16F7-4668-BE54-9A1E7A4F7556}") = "AudioProcessing.API", "AudioProcessing.API\AudioProcessing.API.csproj", "{A25169FF-091F-40B6-847F-C9158DF62953}"
EndProject
Project("{9A19103F-16F7-4668-BE54-9A1E7A4F7556}") = "AudioProcessing.Aplication", "AudioProcessing.Aplication\AudioProcessing.Aplication.csproj", "{31511556-CE9C-457A-8E98-32E9A6F64102}"
EndProject
Project("{9A19103F-16F7-4668-BE54-9A1E7A4F7556}") = "AudioProcessing.Domain", "AudioProcessing.Domain\AudioProcessing.Domain.csproj", "{FFC83003-D14C-49D0-AFBD-4A0F5B6A5CB5}"
EndProject
Project("{9A19103F-16F7-4668-BE54-9A1E7A4F7556}") = "AudioProcessing.Infrastructure", "AudioProcessing.Infrastructure\AudioProcessing.Infrastructure.csproj", "{1CF15CA8-4C65-47A2-89A7-1E423E5C5097}"
EndProject
Project("{9A19103F-16F7-4668-BE54-9A1E7A4F7556}") = "AudioProcessing.Persistence", "AudioProcessing.Persistence\AudioProcessing.Persistence.csproj", "{50309943-3A64-4FD1-88AE-9E02997A816B}"
EndProject
Project("{2150E333-8FDC-42A3-9474-1A3956D46DE8}") = "Элементы решения", "Элементы решения", "{67823F01-544D-4632-9252-7AB202E64251}"
	ProjectSection(SolutionItems) = preProject
		.editconfig = .editconfig
	EndProjectSection
EndProject
Project("{E53339B2-1760-4266-BCC7-CA923CBCF16C}") = "docker-compose", "docker-compose.dcproj", "{DCE66F3C-3FAE-4B9B-AEE9-707C323E9845}"
EndProject
Global
	GlobalSection(SolutionConfigurationPlatforms) = preSolution
		Debug|Any CPU = Debug|Any CPU
		Release|Any CPU = Release|Any CPU
	EndGlobalSection
	GlobalSection(ProjectConfigurationPlatforms) = postSolution
		{C2939E3B-7103-490B-9099-1023FDD77F03}.Debug|Any CPU.ActiveCfg = Debug|Any CPU
		{C2939E3B-7103-490B-9099-1023FDD77F03}.Debug|Any CPU.Build.0 = Debug|Any CPU
		{C2939E3B-7103-490B-9099-1023FDD77F03}.Release|Any CPU.ActiveCfg = Release|Any CPU
		{C2939E3B-7103-490B-9099-1023FDD77F03}.Release|Any CPU.Build.0 = Release|Any CPU
		{A25169FF-091F-40B6-847F-C9158DF62953}.Debug|Any CPU.ActiveCfg = Debug|Any CPU
		{A25169FF-091F-40B6-847F-C9158DF62953}.Debug|Any CPU.Build.0 = Debug|Any CPU
		{A25169FF-091F-40B6-847F-C9158DF62953}.Release|Any CPU.ActiveCfg = Release|Any CPU
		{A25169FF-091F-40B6-847F-C9158DF62953}.Release|Any CPU.Build.0 = Release|Any CPU
		{31511556-CE9C-457A-8E98-32E9A6F64102}.Debug|Any CPU.ActiveCfg = Debug|Any CPU
		{31511556-CE9C-457A-8E98-32E9A6F64102}.Debug|Any CPU.Build.0 = Debug|Any CPU
		{31511556-CE9C-457A-8E98-32E9A6F64102}.Release|Any CPU.ActiveCfg = Release|Any CPU
		{31511556-CE9C-457A-8E98-32E9A6F64102}.Release|Any CPU.Build.0 = Release|Any CPU
		{FFC83003-D14C-49D0-AFBD-4A0F5B6A5CB5}.Debug|Any CPU.ActiveCfg = Debug|Any CPU
		{FFC83003-D14C-49D0-AFBD-4A0F5B6A5CB5}.Debug|Any CPU.Build.0 = Debug|Any CPU
		{FFC83003-D14C-49D0-AFBD-4A0F5B6A5CB5}.Release|Any CPU.ActiveCfg = Release|Any CPU
		{FFC83003-D14C-49D0-AFBD-4A0F5B6A5CB5}.Release|Any CPU.Build.0 = Release|Any CPU
		{1CF15CA8-4C65-47A2-89A7-1E423E5C5097}.Debug|Any CPU.ActiveCfg = Debug|Any CPU
		{1CF15CA8-4C65-47A2-89A7-1E423E5C5097}.Debug|Any CPU.Build.0 = Debug|Any CPU
		{1CF15CA8-4C65-47A2-89A7-1E423E5C5097}.Release|Any CPU.ActiveCfg = Release|Any CPU
		{1CF15CA8-4C65-47A2-89A7-1E423E5C5097}.Release|Any CPU.Build.0 = Release|Any CPU
		{50309943-3A64-4FD1-88AE-9E02997A816B}.Debug|Any CPU.ActiveCfg = Debug|Any CPU
		{50309943-3A64-4FD1-88AE-9E02997A816B}.Debug|Any CPU.Build.0 = Debug|Any CPU
		{50309943-3A64-4FD1-88AE-9E02997A816B}.Release|Any CPU.ActiveCfg = Release|Any CPU
		{50309943-3A64-4FD1-88AE-9E02997A816B}.Release|Any CPU.Build.0 = Release|Any CPU
		{DCE66F3C-3FAE-4B9B-AEE9-707C323E9845}.Debug|Any CPU.ActiveCfg = Debug|Any CPU
		{DCE66F3C-3FAE-4B9B-AEE9-707C323E9845}.Debug|Any CPU.Build.0 = Debug|Any CPU
		{DCE66F3C-3FAE-4B9B-AEE9-707C323E9845}.Release|Any CPU.ActiveCfg = Release|Any CPU
		{DCE66F3C-3FAE-4B9B-AEE9-707C323E9845}.Release|Any CPU.Build.0 = Release|Any CPU
	EndGlobalSection
	GlobalSection(SolutionProperties) = preSolution
		HideSolutionNode = FALSE
	EndGlobalSection
	GlobalSection(NestedProjects) = preSolution
		{C2939E3B-7103-490B-9099-1023FDD77F03} = {BE4820FD-2B02-4355-AF13-63DE6602CB5C}
		{A25169FF-091F-40B6-847F-C9158DF62953} = {E84D0159-9B8C-4B62-A3AD-90A680E6C06B}
		{31511556-CE9C-457A-8E98-32E9A6F64102} = {E84D0159-9B8C-4B62-A3AD-90A680E6C06B}
		{FFC83003-D14C-49D0-AFBD-4A0F5B6A5CB5} = {E84D0159-9B8C-4B62-A3AD-90A680E6C06B}
		{1CF15CA8-4C65-47A2-89A7-1E423E5C5097} = {E84D0159-9B8C-4B62-A3AD-90A680E6C06B}
		{50309943-3A64-4FD1-88AE-9E02997A816B} = {E84D0159-9B8C-4B62-A3AD-90A680E6C06B}
	EndGlobalSection
	GlobalSection(ExtensibilityGlobals) = postSolution
		SolutionGuid = {876E1878-805E-49C7-9F92-8C4FBE560EB5}
	EndGlobalSection
EndGlobal
